# This file is autogenerated, do not edit; changes may be undone by the next 'dep ensure'.


[[projects]]
  branch = "master"
  name = "bazil.org/fuse"
  packages = [".","fs","fuseutil"]
  revision = "371fbbdaa8987b715bdd21d6adc4c9b20155f748"

[[projects]]
  name = "github.com/Sirupsen/logrus"
  packages = ["."]
  revision = "a3f95b5c423586578a4e099b11a46c2479628cac"
  version = "1.0.2"

[[projects]]
  name = "github.com/hashicorp/consul"
  packages = ["api"]
  revision = "b79d951ced8c5f18fe73d35b2806f3435e40cd64"
  version = "v0.9.0"

[[projects]]
  branch = "master"
  name = "github.com/hashicorp/go-cleanhttp"
  packages = ["."]
  revision = "3573b8b52aa7b37b9358d966a898feb387f62437"

[[projects]]
  branch = "master"
  name = "github.com/hashicorp/go-rootcerts"
  packages = ["."]
  revision = "6bb64b370b90e7ef1fa532be9e591a81c3493e00"

[[projects]]
  name = "github.com/hashicorp/serf"
  packages = ["coordinate"]
  revision = "c2e4be24cdc9031eb0ad869c5d160775efdf7d7a"

[[projects]]
  branch = "master"
  name = "github.com/mitchellh/go-homedir"
  packages = ["."]
  revision = "b8bc1bf767474819792c23f32d8286a45736f1c6"

[[projects]]
  name = "golang.org/x/net"
  packages = ["context"]
  revision = "f5079bd7f6f74e23c4d65efa0f4ce14cbd6a3c0f"

[[projects]]
  name = "golang.org/x/sys"
  packages = ["unix"]
  revision = "35ef4487ce0a1ea5d4b616ffe71e34febe723695"

[solve-meta]
  analyzer-name = "dep"
  analyzer-version = 1
  inputs-digest = "831f4f32b348d0bc7cd0f57ae84aa4ba3ec6ee671dc6ba1a00c90039db93bade"
  solver-name = "gps-cdcl"
  solver-version = 1
